images:
  api:
    digest: sha256:0dd9c6aadc37466268cdf2d6a80d6791ad6c73ebf9bf45f26069fa6d2d14cde5
    requested: todo-api:1.0.0
    version: 1.0.0
  migrate:
    digest: sha256:52981c9787e73cfeb83e8b3ccfeebf194f124f6f3c59b3a830f5317d3042f23a
    requested: todo-migrate:1.2.0
    version: 1.2.0
  planner:
    digest: sha256:784c3ea4bf1545655a2dc0fc2c24a773cb2d2738fd8032b41f5e3c4ccaf90bc7
    requested: todo-planner:1.0.0
    version: 1.0.0
  stats:
    digest: sha256:d540eb0bc37f1f6393e5c08593d78bb5e491b2413e0c773daac7795b459f9d81
    requested: todo-stats:1.0.3
    version: 1.0.3
  web:
    digest: sha256:e713cc95caa332f701eafb54a0cdaea94c3cdfcbf86e5303c511a3aae3b124e7
    requested: todo-web:1.0.0
    version: 1.0.0
